
Microsoft Visual Studio Solution File, Format Version 12.00
# Visual Studio Version 17
VisualStudioVersion = 17.9.34728.123
MinimumVisualStudioVersion = 10.0.40219.1
Project("{FAE04EC0-301F-11D3-BF4B-00C04F79EFBC}") = "DesiMart", "DesiMart\DesiMart.csproj", "{722CD7B3-09E9-4325-A4FD-0B7F95761BD7}"
EndProject
Global
	GlobalSection(SolutionConfigurationPlatforms) = preSolution
		Debug|Any CPU = Debug|Any CPU
		Release|Any CPU = Release|Any CPU
	EndGlobalSection
	GlobalSection(ProjectConfigurationPlatforms) = postSolution
		{722CD7B3-09E9-4325-A4FD-0B7F95761BD7}.Debug|Any CPU.ActiveCfg = Debug|Any CPU
		{722CD7B3-09E9-4325-A4FD-0B7F95761BD7}.Debug|Any CPU.Build.0 = Debug|Any CPU
		{722CD7B3-09E9-4325-A4FD-0B7F95761BD7}.Release|Any CPU.ActiveCfg = Release|Any CPU
		{722CD7B3-09E9-4325-A4FD-0B7F95761BD7}.Release|Any CPU.Build.0 = Release|Any CPU
	EndGlobalSection
	GlobalSection(SolutionProperties) = preSolution
		HideSolutionNode = FALSE
	EndGlobalSection
	GlobalSection(ExtensibilityGlobals) = postSolution
		SolutionGuid = {E0A194C2-0E17-47A6-960E-3FF3CB2F8CCD}
	EndGlobalSection
EndGlobal
